
Microsoft Visual Studio Solution File, Format Version 12.00
# Visual Studio 15
VisualStudioVersion = 15.0.25807.0
MinimumVisualStudioVersion = 10.0.40219.1
Project("{2150E333-8FDC-42A3-9474-1A3956D46DE8}") = "Engine", "Engine", "{3129ECB1-20C5-4B20-9A99-6E0017E0FE67}"
EndProject
Project("{2150E333-8FDC-42A3-9474-1A3956D46DE8}") = "Games", "Games", "{115EBFCB-9883-4A0E-A830-29236AD28BB4}"
EndProject
Project("{8BC9CEB8-8B4A-11D0-8D11-00A0C91BC942}") = "UE4", "Intermediate\ProjectFiles\UE4.vcxproj", "{E213745F-E3E8-4D56-A620-2F01449EE7D9}"
EndProject
Project("{8BC9CEB8-8B4A-11D0-8D11-00A0C91BC942}") = "Flock", "Intermediate\ProjectFiles\Flock.vcxproj", "{F280C724-3940-4AF3-B98C-2B18A77BA51C}"
EndProject
Project("{2150E333-8FDC-42A3-9474-1A3956D46DE8}") = "Visualizers", "Visualizers", "{916AACE8-B06E-491B-9C7B-BFB9F4EF60C4}"
	ProjectSection(SolutionItems) = preProject
		C:\Program Files\Epic Games\UE_4.21\Engine\Extras\VisualStudioDebugging\UE4.natvis = C:\Program Files\Epic Games\UE_4.21\Engine\Extras\VisualStudioDebugging\UE4.natvis
	EndProjectSection
EndProject
Global
	GlobalSection(SolutionConfigurationPlatforms) = preSolution
		DebugGame Editor|Win32 = DebugGame Editor|Win32
		DebugGame Editor|Win64 = DebugGame Editor|Win64
		DebugGame|Win32 = DebugGame|Win32
		DebugGame|Win64 = DebugGame|Win64
		Development Editor|Win32 = Development Editor|Win32
		Development Editor|Win64 = Development Editor|Win64
		Development|Win32 = Development|Win32
		Development|Win64 = Development|Win64
		Shipping|Win32 = Shipping|Win32
		Shipping|Win64 = Shipping|Win64
	EndGlobalSection
	GlobalSection(ProjectConfigurationPlatforms) = postSolution
		{E213745F-E3E8-4D56-A620-2F01449EE7D9}.DebugGame Editor|Win32.ActiveCfg = BuiltWithUnrealBuildTool|Win32
		{E213745F-E3E8-4D56-A620-2F01449EE7D9}.DebugGame Editor|Win64.ActiveCfg = BuiltWithUnrealBuildTool|Win32
		{E213745F-E3E8-4D56-A620-2F01449EE7D9}.DebugGame|Win32.ActiveCfg = BuiltWithUnrealBuildTool|Win32
		{E213745F-E3E8-4D56-A620-2F01449EE7D9}.DebugGame|Win64.ActiveCfg = BuiltWithUnrealBuildTool|Win32
		{E213745F-E3E8-4D56-A620-2F01449EE7D9}.Development Editor|Win32.ActiveCfg = BuiltWithUnrealBuildTool|Win32
		{E213745F-E3E8-4D56-A620-2F01449EE7D9}.Development Editor|Win64.ActiveCfg = BuiltWithUnrealBuildTool|Win32
		{E213745F-E3E8-4D56-A620-2F01449EE7D9}.Development|Win32.ActiveCfg = BuiltWithUnrealBuildTool|Win32
		{E213745F-E3E8-4D56-A620-2F01449EE7D9}.Development|Win64.ActiveCfg = BuiltWithUnrealBuildTool|Win32
		{E213745F-E3E8-4D56-A620-2F01449EE7D9}.Shipping|Win32.ActiveCfg = BuiltWithUnrealBuildTool|Win32
		{E213745F-E3E8-4D56-A620-2F01449EE7D9}.Shipping|Win64.ActiveCfg = BuiltWithUnrealBuildTool|Win32
		{F280C724-3940-4AF3-B98C-2B18A77BA51C}.DebugGame Editor|Win32.ActiveCfg = Invalid|Win32
		{F280C724-3940-4AF3-B98C-2B18A77BA51C}.DebugGame Editor|Win64.ActiveCfg = DebugGame_Editor|x64
		{F280C724-3940-4AF3-B98C-2B18A77BA51C}.DebugGame Editor|Win64.Build.0 = DebugGame_Editor|x64
		{F280C724-3940-4AF3-B98C-2B18A77BA51C}.DebugGame|Win32.ActiveCfg = DebugGame|Win32
		{F280C724-3940-4AF3-B98C-2B18A77BA51C}.DebugGame|Win32.Build.0 = DebugGame|Win32
		{F280C724-3940-4AF3-B98C-2B18A77BA51C}.DebugGame|Win64.ActiveCfg = DebugGame|x64
		{F280C724-3940-4AF3-B98C-2B18A77BA51C}.DebugGame|Win64.Build.0 = DebugGame|x64
		{F280C724-3940-4AF3-B98C-2B18A77BA51C}.Development Editor|Win32.ActiveCfg = Invalid|Win32
		{F280C724-3940-4AF3-B98C-2B18A77BA51C}.Development Editor|Win64.ActiveCfg = Development_Editor|x64
		{F280C724-3940-4AF3-B98C-2B18A77BA51C}.Development Editor|Win64.Build.0 = Development_Editor|x64
		{F280C724-3940-4AF3-B98C-2B18A77BA51C}.Development|Win32.ActiveCfg = Development|Win32
		{F280C724-3940-4AF3-B98C-2B18A77BA51C}.Development|Win32.Build.0 = Development|Win32
		{F280C724-3940-4AF3-B98C-2B18A77BA51C}.Development|Win64.ActiveCfg = Development|x64
		{F280C724-3940-4AF3-B98C-2B18A77BA51C}.Development|Win64.Build.0 = Development|x64
		{F280C724-3940-4AF3-B98C-2B18A77BA51C}.Shipping|Win32.ActiveCfg = Shipping|Win32
		{F280C724-3940-4AF3-B98C-2B18A77BA51C}.Shipping|Win32.Build.0 = Shipping|Win32
		{F280C724-3940-4AF3-B98C-2B18A77BA51C}.Shipping|Win64.ActiveCfg = Shipping|x64
		{F280C724-3940-4AF3-B98C-2B18A77BA51C}.Shipping|Win64.Build.0 = Shipping|x64
	EndGlobalSection
	GlobalSection(SolutionProperties) = preSolution
		HideSolutionNode = FALSE
	EndGlobalSection
	GlobalSection(NestedProjects) = preSolution
		{E213745F-E3E8-4D56-A620-2F01449EE7D9} = {3129ECB1-20C5-4B20-9A99-6E0017E0FE67}
		{F280C724-3940-4AF3-B98C-2B18A77BA51C} = {115EBFCB-9883-4A0E-A830-29236AD28BB4}
	EndGlobalSection
EndGlobal
