
Microsoft Visual Studio Solution File, Format Version 12.00
# Visual Studio 15
VisualStudioVersion = 15.0.25807.0
MinimumVisualStudioVersion = 10.0.40219.1
Project("{2150E333-8FDC-42A3-9474-1A3956D46DE8}") = "Engine", "Engine", "{E2650A5D-C5A2-47DE-A324-F13BAC32FB63}"
EndProject
Project("{2150E333-8FDC-42A3-9474-1A3956D46DE8}") = "Games", "Games", "{65ADD897-CE31-4D65-81CE-A52F0599F7A7}"
EndProject
Project("{8BC9CEB8-8B4A-11D0-8D11-00A0C91BC942}") = "UE4", "Intermediate\ProjectFiles\UE4.vcxproj", "{753EDE8B-0DAF-4142-A39F-CFDA4B469201}"
EndProject
Project("{8BC9CEB8-8B4A-11D0-8D11-00A0C91BC942}") = "Flock", "Intermediate\ProjectFiles\Flock.vcxproj", "{0FD5D71E-9203-40BC-8BC3-8D6BB5A8A66E}"
EndProject
Global
	GlobalSection(SolutionConfigurationPlatforms) = preSolution
		DebugGame Editor|Android = DebugGame Editor|Android
		DebugGame Editor|HTML5 = DebugGame Editor|HTML5
		DebugGame Editor|Win32 = DebugGame Editor|Win32
		DebugGame Editor|Win64 = DebugGame Editor|Win64
		DebugGame|Android = DebugGame|Android
		DebugGame|HTML5 = DebugGame|HTML5
		DebugGame|Win32 = DebugGame|Win32
		DebugGame|Win64 = DebugGame|Win64
		Development Editor|Android = Development Editor|Android
		Development Editor|HTML5 = Development Editor|HTML5
		Development Editor|Win32 = Development Editor|Win32
		Development Editor|Win64 = Development Editor|Win64
		Development|Android = Development|Android
		Development|HTML5 = Development|HTML5
		Development|Win32 = Development|Win32
		Development|Win64 = Development|Win64
		Shipping|Android = Shipping|Android
		Shipping|HTML5 = Shipping|HTML5
		Shipping|Win32 = Shipping|Win32
		Shipping|Win64 = Shipping|Win64
	EndGlobalSection
	GlobalSection(ProjectConfigurationPlatforms) = postSolution
		{753EDE8B-0DAF-4142-A39F-CFDA4B469201}.DebugGame Editor|Android.ActiveCfg = BuiltWithUnrealBuildTool|Win32
		{753EDE8B-0DAF-4142-A39F-CFDA4B469201}.DebugGame Editor|Android.Build.0 = BuiltWithUnrealBuildTool|Win32
		{753EDE8B-0DAF-4142-A39F-CFDA4B469201}.DebugGame Editor|HTML5.ActiveCfg = BuiltWithUnrealBuildTool|Win32
		{753EDE8B-0DAF-4142-A39F-CFDA4B469201}.DebugGame Editor|HTML5.Build.0 = BuiltWithUnrealBuildTool|Win32
		{753EDE8B-0DAF-4142-A39F-CFDA4B469201}.DebugGame Editor|Win32.ActiveCfg = BuiltWithUnrealBuildTool|Win32
		{753EDE8B-0DAF-4142-A39F-CFDA4B469201}.DebugGame Editor|Win32.Build.0 = BuiltWithUnrealBuildTool|Win32
		{753EDE8B-0DAF-4142-A39F-CFDA4B469201}.DebugGame Editor|Win64.ActiveCfg = BuiltWithUnrealBuildTool|Win32
		{753EDE8B-0DAF-4142-A39F-CFDA4B469201}.DebugGame Editor|Win64.Build.0 = BuiltWithUnrealBuildTool|Win32
		{753EDE8B-0DAF-4142-A39F-CFDA4B469201}.DebugGame|Android.ActiveCfg = BuiltWithUnrealBuildTool|Win32
		{753EDE8B-0DAF-4142-A39F-CFDA4B469201}.DebugGame|Android.Build.0 = BuiltWithUnrealBuildTool|Win32
		{753EDE8B-0DAF-4142-A39F-CFDA4B469201}.DebugGame|HTML5.ActiveCfg = BuiltWithUnrealBuildTool|Win32
		{753EDE8B-0DAF-4142-A39F-CFDA4B469201}.DebugGame|HTML5.Build.0 = BuiltWithUnrealBuildTool|Win32
		{753EDE8B-0DAF-4142-A39F-CFDA4B469201}.DebugGame|Win32.ActiveCfg = BuiltWithUnrealBuildTool|Win32
		{753EDE8B-0DAF-4142-A39F-CFDA4B469201}.DebugGame|Win32.Build.0 = BuiltWithUnrealBuildTool|Win32
		{753EDE8B-0DAF-4142-A39F-CFDA4B469201}.DebugGame|Win64.ActiveCfg = BuiltWithUnrealBuildTool|Win32
		{753EDE8B-0DAF-4142-A39F-CFDA4B469201}.DebugGame|Win64.Build.0 = BuiltWithUnrealBuildTool|Win32
		{753EDE8B-0DAF-4142-A39F-CFDA4B469201}.Development Editor|Android.ActiveCfg = BuiltWithUnrealBuildTool|Win32
		{753EDE8B-0DAF-4142-A39F-CFDA4B469201}.Development Editor|Android.Build.0 = BuiltWithUnrealBuildTool|Win32
		{753EDE8B-0DAF-4142-A39F-CFDA4B469201}.Development Editor|HTML5.ActiveCfg = BuiltWithUnrealBuildTool|Win32
		{753EDE8B-0DAF-4142-A39F-CFDA4B469201}.Development Editor|HTML5.Build.0 = BuiltWithUnrealBuildTool|Win32
		{753EDE8B-0DAF-4142-A39F-CFDA4B469201}.Development Editor|Win32.ActiveCfg = BuiltWithUnrealBuildTool|Win32
		{753EDE8B-0DAF-4142-A39F-CFDA4B469201}.Development Editor|Win32.Build.0 = BuiltWithUnrealBuildTool|Win32
		{753EDE8B-0DAF-4142-A39F-CFDA4B469201}.Development Editor|Win64.ActiveCfg = BuiltWithUnrealBuildTool|Win32
		{753EDE8B-0DAF-4142-A39F-CFDA4B469201}.Development Editor|Win64.Build.0 = BuiltWithUnrealBuildTool|Win32
		{753EDE8B-0DAF-4142-A39F-CFDA4B469201}.Development|Android.ActiveCfg = BuiltWithUnrealBuildTool|Win32
		{753EDE8B-0DAF-4142-A39F-CFDA4B469201}.Development|Android.Build.0 = BuiltWithUnrealBuildTool|Win32
		{753EDE8B-0DAF-4142-A39F-CFDA4B469201}.Development|HTML5.ActiveCfg = BuiltWithUnrealBuildTool|Win32
		{753EDE8B-0DAF-4142-A39F-CFDA4B469201}.Development|HTML5.Build.0 = BuiltWithUnrealBuildTool|Win32
		{753EDE8B-0DAF-4142-A39F-CFDA4B469201}.Development|Win32.ActiveCfg = BuiltWithUnrealBuildTool|Win32
		{753EDE8B-0DAF-4142-A39F-CFDA4B469201}.Development|Win32.Build.0 = BuiltWithUnrealBuildTool|Win32
		{753EDE8B-0DAF-4142-A39F-CFDA4B469201}.Development|Win64.ActiveCfg = BuiltWithUnrealBuildTool|Win32
		{753EDE8B-0DAF-4142-A39F-CFDA4B469201}.Development|Win64.Build.0 = BuiltWithUnrealBuildTool|Win32
		{753EDE8B-0DAF-4142-A39F-CFDA4B469201}.Shipping|Android.ActiveCfg = BuiltWithUnrealBuildTool|Win32
		{753EDE8B-0DAF-4142-A39F-CFDA4B469201}.Shipping|Android.Build.0 = BuiltWithUnrealBuildTool|Win32
		{753EDE8B-0DAF-4142-A39F-CFDA4B469201}.Shipping|HTML5.ActiveCfg = BuiltWithUnrealBuildTool|Win32
		{753EDE8B-0DAF-4142-A39F-CFDA4B469201}.Shipping|HTML5.Build.0 = BuiltWithUnrealBuildTool|Win32
		{753EDE8B-0DAF-4142-A39F-CFDA4B469201}.Shipping|Win32.ActiveCfg = BuiltWithUnrealBuildTool|Win32
		{753EDE8B-0DAF-4142-A39F-CFDA4B469201}.Shipping|Win32.Build.0 = BuiltWithUnrealBuildTool|Win32
		{753EDE8B-0DAF-4142-A39F-CFDA4B469201}.Shipping|Win64.ActiveCfg = BuiltWithUnrealBuildTool|Win32
		{753EDE8B-0DAF-4142-A39F-CFDA4B469201}.Shipping|Win64.Build.0 = BuiltWithUnrealBuildTool|Win32
		{0FD5D71E-9203-40BC-8BC3-8D6BB5A8A66E}.DebugGame Editor|Android.ActiveCfg = Android_DebugGame_Editor|Win32
		{0FD5D71E-9203-40BC-8BC3-8D6BB5A8A66E}.DebugGame Editor|HTML5.ActiveCfg = HTML5_DebugGame_Editor|Win32
		{0FD5D71E-9203-40BC-8BC3-8D6BB5A8A66E}.DebugGame Editor|Win32.ActiveCfg = DebugGame_Editor|Win32
		{0FD5D71E-9203-40BC-8BC3-8D6BB5A8A66E}.DebugGame Editor|Win64.ActiveCfg = DebugGame_Editor|x64
		{0FD5D71E-9203-40BC-8BC3-8D6BB5A8A66E}.DebugGame Editor|Win64.Build.0 = DebugGame_Editor|x64
		{0FD5D71E-9203-40BC-8BC3-8D6BB5A8A66E}.DebugGame|Android.ActiveCfg = Android_DebugGame_Game|Win32
		{0FD5D71E-9203-40BC-8BC3-8D6BB5A8A66E}.DebugGame|Android.Build.0 = Android_DebugGame_Game|Win32
		{0FD5D71E-9203-40BC-8BC3-8D6BB5A8A66E}.DebugGame|HTML5.ActiveCfg = HTML5_DebugGame_Game|Win32
		{0FD5D71E-9203-40BC-8BC3-8D6BB5A8A66E}.DebugGame|HTML5.Build.0 = HTML5_DebugGame_Game|Win32
		{0FD5D71E-9203-40BC-8BC3-8D6BB5A8A66E}.DebugGame|Win32.ActiveCfg = DebugGame_Game|Win32
		{0FD5D71E-9203-40BC-8BC3-8D6BB5A8A66E}.DebugGame|Win32.Build.0 = DebugGame_Game|Win32
		{0FD5D71E-9203-40BC-8BC3-8D6BB5A8A66E}.DebugGame|Win64.ActiveCfg = DebugGame_Game|x64
		{0FD5D71E-9203-40BC-8BC3-8D6BB5A8A66E}.DebugGame|Win64.Build.0 = DebugGame_Game|x64
		{0FD5D71E-9203-40BC-8BC3-8D6BB5A8A66E}.Development Editor|Android.ActiveCfg = Android_Development_Editor|Win32
		{0FD5D71E-9203-40BC-8BC3-8D6BB5A8A66E}.Development Editor|HTML5.ActiveCfg = HTML5_Development_Editor|Win32
		{0FD5D71E-9203-40BC-8BC3-8D6BB5A8A66E}.Development Editor|Win32.ActiveCfg = Development_Editor|Win32
		{0FD5D71E-9203-40BC-8BC3-8D6BB5A8A66E}.Development Editor|Win64.ActiveCfg = Development_Editor|x64
		{0FD5D71E-9203-40BC-8BC3-8D6BB5A8A66E}.Development Editor|Win64.Build.0 = Development_Editor|x64
		{0FD5D71E-9203-40BC-8BC3-8D6BB5A8A66E}.Development|Android.ActiveCfg = Android_Development_Game|Win32
		{0FD5D71E-9203-40BC-8BC3-8D6BB5A8A66E}.Development|Android.Build.0 = Android_Development_Game|Win32
		{0FD5D71E-9203-40BC-8BC3-8D6BB5A8A66E}.Development|HTML5.ActiveCfg = HTML5_Development_Game|Win32
		{0FD5D71E-9203-40BC-8BC3-8D6BB5A8A66E}.Development|HTML5.Build.0 = HTML5_Development_Game|Win32
		{0FD5D71E-9203-40BC-8BC3-8D6BB5A8A66E}.Development|Win32.ActiveCfg = Development_Game|Win32
		{0FD5D71E-9203-40BC-8BC3-8D6BB5A8A66E}.Development|Win32.Build.0 = Development_Game|Win32
		{0FD5D71E-9203-40BC-8BC3-8D6BB5A8A66E}.Development|Win64.ActiveCfg = Development_Game|x64
		{0FD5D71E-9203-40BC-8BC3-8D6BB5A8A66E}.Development|Win64.Build.0 = Development_Game|x64
		{0FD5D71E-9203-40BC-8BC3-8D6BB5A8A66E}.Shipping|Android.ActiveCfg = Android_Shipping_Game|Win32
		{0FD5D71E-9203-40BC-8BC3-8D6BB5A8A66E}.Shipping|Android.Build.0 = Android_Shipping_Game|Win32
		{0FD5D71E-9203-40BC-8BC3-8D6BB5A8A66E}.Shipping|HTML5.ActiveCfg = HTML5_Shipping_Game|Win32
		{0FD5D71E-9203-40BC-8BC3-8D6BB5A8A66E}.Shipping|HTML5.Build.0 = HTML5_Shipping_Game|Win32
		{0FD5D71E-9203-40BC-8BC3-8D6BB5A8A66E}.Shipping|Win32.ActiveCfg = Shipping_Game|Win32
		{0FD5D71E-9203-40BC-8BC3-8D6BB5A8A66E}.Shipping|Win32.Build.0 = Shipping_Game|Win32
		{0FD5D71E-9203-40BC-8BC3-8D6BB5A8A66E}.Shipping|Win64.ActiveCfg = Shipping_Game|x64
		{0FD5D71E-9203-40BC-8BC3-8D6BB5A8A66E}.Shipping|Win64.Build.0 = Shipping_Game|x64
	EndGlobalSection
	GlobalSection(SolutionProperties) = preSolution
		HideSolutionNode = FALSE
	EndGlobalSection
	GlobalSection(NestedProjects) = preSolution
		{753EDE8B-0DAF-4142-A39F-CFDA4B469201} = {E2650A5D-C5A2-47DE-A324-F13BAC32FB63}
		{0FD5D71E-9203-40BC-8BC3-8D6BB5A8A66E} = {65ADD897-CE31-4D65-81CE-A52F0599F7A7}
	EndGlobalSection
	GlobalSection(ExtensibilityGlobals) = postSolution
		SolutionGuid = {1DDF8172-555A-42B7-9820-7E024E8E9F03}
	EndGlobalSection
EndGlobal
